
Microsoft Visual Studio Solution File, Format Version 12.00
# Visual Studio 15
VisualStudioVersion = 15.0.28307.645
MinimumVisualStudioVersion = 10.0.40219.1
Project("{9092AA53-FB77-4645-B42D-1CCCA6BD08BD}") = "lab3", "lab3\lab3.njsproj", "{B14829AC-5B6D-42CF-BC48-B162C3D6D224}"
EndProject
Global
	GlobalSection(SolutionConfigurationPlatforms) = preSolution
		Debug|Any CPU = Debug|Any CPU
		Release|Any CPU = Release|Any CPU
	EndGlobalSection
	GlobalSection(ProjectConfigurationPlatforms) = postSolution
		{B14829AC-5B6D-42CF-BC48-B162C3D6D224}.Debug|Any CPU.ActiveCfg = Debug|Any CPU
		{B14829AC-5B6D-42CF-BC48-B162C3D6D224}.Debug|Any CPU.Build.0 = Debug|Any CPU
		{B14829AC-5B6D-42CF-BC48-B162C3D6D224}.Release|Any CPU.ActiveCfg = Release|Any CPU
		{B14829AC-5B6D-42CF-BC48-B162C3D6D224}.Release|Any CPU.Build.0 = Release|Any CPU
	EndGlobalSection
	GlobalSection(SolutionProperties) = preSolution
		HideSolutionNode = FALSE
	EndGlobalSection
	GlobalSection(ExtensibilityGlobals) = postSolution
		SolutionGuid = {4AB34BC6-A40F-45C0-9672-D4417C1E166D}
	EndGlobalSection
EndGlobal
